
Microsoft Visual Studio Solution File, Format Version 12.00
# Visual Studio Version 16
VisualStudioVersion = 16.0.29920.165
MinimumVisualStudioVersion = 10.0.40219.1
Project("{FAE04EC0-301F-11D3-BF4B-00C04F79EFBC}") = "Igra pogađanja reči", "Igra pogađanja reči\Igra pogađanja reči.csproj", "{48CA2182-8E0C-43E2-98BC-A846F6DF2051}"
EndProject
Global
	GlobalSection(SolutionConfigurationPlatforms) = preSolution
		Debug|Any CPU = Debug|Any CPU
		Release|Any CPU = Release|Any CPU
	EndGlobalSection
	GlobalSection(ProjectConfigurationPlatforms) = postSolution
		{48CA2182-8E0C-43E2-98BC-A846F6DF2051}.Debug|Any CPU.ActiveCfg = Debug|Any CPU
		{48CA2182-8E0C-43E2-98BC-A846F6DF2051}.Debug|Any CPU.Build.0 = Debug|Any CPU
		{48CA2182-8E0C-43E2-98BC-A846F6DF2051}.Release|Any CPU.ActiveCfg = Release|Any CPU
		{48CA2182-8E0C-43E2-98BC-A846F6DF2051}.Release|Any CPU.Build.0 = Release|Any CPU
	EndGlobalSection
	GlobalSection(SolutionProperties) = preSolution
		HideSolutionNode = FALSE
	EndGlobalSection
	GlobalSection(ExtensibilityGlobals) = postSolution
		SolutionGuid = {D8ACD603-4DC3-49F5-BC4E-ABE1853F6AA6}
	EndGlobalSection
EndGlobal
